
Microsoft Visual Studio Solution File, Format Version 12.00
# Visual Studio 15
VisualStudioVersion = 15.0.26430.16
MinimumVisualStudioVersion = 10.0.40219.1
Project("{FAE04EC0-301F-11D3-BF4B-00C04F79EFBC}") = "TestProj.Android", "TestProj\TestProj.Android\TestProj.Android.csproj", "{59A7BE26-0990-4D0B-9E4E-0EC5614F2CB6}"
EndProject
Project("{FAE04EC0-301F-11D3-BF4B-00C04F79EFBC}") = "TestProj", "TestProj\TestProj\TestProj.csproj", "{55C718EC-E55F-4020-BF2E-4CD899ADD52A}"
EndProject
Project("{FAE04EC0-301F-11D3-BF4B-00C04F79EFBC}") = "TestProj.iOS", "TestProj\TestProj.iOS\TestProj.iOS.csproj", "{29B4F835-93A7-4A36-BD8D-E0FA31DD5E10}"
EndProject
Global
	GlobalSection(SolutionConfigurationPlatforms) = preSolution
		Ad-Hoc|Any CPU = Ad-Hoc|Any CPU
		Ad-Hoc|iPhone = Ad-Hoc|iPhone
		Ad-Hoc|iPhoneSimulator = Ad-Hoc|iPhoneSimulator
		AppStore|Any CPU = AppStore|Any CPU
		AppStore|iPhone = AppStore|iPhone
		AppStore|iPhoneSimulator = AppStore|iPhoneSimulator
		Debug|Any CPU = Debug|Any CPU
		Debug|iPhone = Debug|iPhone
		Debug|iPhoneSimulator = Debug|iPhoneSimulator
		Release|Any CPU = Release|Any CPU
		Release|iPhone = Release|iPhone
		Release|iPhoneSimulator = Release|iPhoneSimulator
	EndGlobalSection
	GlobalSection(ProjectConfigurationPlatforms) = postSolution
		{59A7BE26-0990-4D0B-9E4E-0EC5614F2CB6}.Ad-Hoc|Any CPU.ActiveCfg = Release|Any CPU
		{59A7BE26-0990-4D0B-9E4E-0EC5614F2CB6}.Ad-Hoc|Any CPU.Build.0 = Release|Any CPU
		{59A7BE26-0990-4D0B-9E4E-0EC5614F2CB6}.Ad-Hoc|Any CPU.Deploy.0 = Release|Any CPU
		{59A7BE26-0990-4D0B-9E4E-0EC5614F2CB6}.Ad-Hoc|iPhone.ActiveCfg = Release|Any CPU
		{59A7BE26-0990-4D0B-9E4E-0EC5614F2CB6}.Ad-Hoc|iPhone.Build.0 = Release|Any CPU
		{59A7BE26-0990-4D0B-9E4E-0EC5614F2CB6}.Ad-Hoc|iPhone.Deploy.0 = Release|Any CPU
		{59A7BE26-0990-4D0B-9E4E-0EC5614F2CB6}.Ad-Hoc|iPhoneSimulator.ActiveCfg = Release|Any CPU
		{59A7BE26-0990-4D0B-9E4E-0EC5614F2CB6}.Ad-Hoc|iPhoneSimulator.Build.0 = Release|Any CPU
		{59A7BE26-0990-4D0B-9E4E-0EC5614F2CB6}.Ad-Hoc|iPhoneSimulator.Deploy.0 = Release|Any CPU
		{59A7BE26-0990-4D0B-9E4E-0EC5614F2CB6}.AppStore|Any CPU.ActiveCfg = Release|Any CPU
		{59A7BE26-0990-4D0B-9E4E-0EC5614F2CB6}.AppStore|Any CPU.Build.0 = Release|Any CPU
		{59A7BE26-0990-4D0B-9E4E-0EC5614F2CB6}.AppStore|Any CPU.Deploy.0 = Release|Any CPU
		{59A7BE26-0990-4D0B-9E4E-0EC5614F2CB6}.AppStore|iPhone.ActiveCfg = Release|Any CPU
		{59A7BE26-0990-4D0B-9E4E-0EC5614F2CB6}.AppStore|iPhone.Build.0 = Release|Any CPU
		{59A7BE26-0990-4D0B-9E4E-0EC5614F2CB6}.AppStore|iPhone.Deploy.0 = Release|Any CPU
		{59A7BE26-0990-4D0B-9E4E-0EC5614F2CB6}.AppStore|iPhoneSimulator.ActiveCfg = Release|Any CPU
		{59A7BE26-0990-4D0B-9E4E-0EC5614F2CB6}.AppStore|iPhoneSimulator.Build.0 = Release|Any CPU
		{59A7BE26-0990-4D0B-9E4E-0EC5614F2CB6}.AppStore|iPhoneSimulator.Deploy.0 = Release|Any CPU
		{59A7BE26-0990-4D0B-9E4E-0EC5614F2CB6}.Debug|Any CPU.ActiveCfg = Debug|Any CPU
		{59A7BE26-0990-4D0B-9E4E-0EC5614F2CB6}.Debug|Any CPU.Build.0 = Debug|Any CPU
		{59A7BE26-0990-4D0B-9E4E-0EC5614F2CB6}.Debug|Any CPU.Deploy.0 = Debug|Any CPU
		{59A7BE26-0990-4D0B-9E4E-0EC5614F2CB6}.Debug|iPhone.ActiveCfg = Debug|Any CPU
		{59A7BE26-0990-4D0B-9E4E-0EC5614F2CB6}.Debug|iPhone.Build.0 = Debug|Any CPU
		{59A7BE26-0990-4D0B-9E4E-0EC5614F2CB6}.Debug|iPhone.Deploy.0 = Debug|Any CPU
		{59A7BE26-0990-4D0B-9E4E-0EC5614F2CB6}.Debug|iPhoneSimulator.ActiveCfg = Debug|Any CPU
		{59A7BE26-0990-4D0B-9E4E-0EC5614F2CB6}.Debug|iPhoneSimulator.Build.0 = Debug|Any CPU
		{59A7BE26-0990-4D0B-9E4E-0EC5614F2CB6}.Debug|iPhoneSimulator.Deploy.0 = Debug|Any CPU
		{59A7BE26-0990-4D0B-9E4E-0EC5614F2CB6}.Release|Any CPU.ActiveCfg = Release|Any CPU
		{59A7BE26-0990-4D0B-9E4E-0EC5614F2CB6}.Release|Any CPU.Build.0 = Release|Any CPU
		{59A7BE26-0990-4D0B-9E4E-0EC5614F2CB6}.Release|Any CPU.Deploy.0 = Release|Any CPU
		{59A7BE26-0990-4D0B-9E4E-0EC5614F2CB6}.Release|iPhone.ActiveCfg = Release|Any CPU
		{59A7BE26-0990-4D0B-9E4E-0EC5614F2CB6}.Release|iPhone.Build.0 = Release|Any CPU
		{59A7BE26-0990-4D0B-9E4E-0EC5614F2CB6}.Release|iPhone.Deploy.0 = Release|Any CPU
		{59A7BE26-0990-4D0B-9E4E-0EC5614F2CB6}.Release|iPhoneSimulator.ActiveCfg = Release|Any CPU
		{59A7BE26-0990-4D0B-9E4E-0EC5614F2CB6}.Release|iPhoneSimulator.Build.0 = Release|Any CPU
		{59A7BE26-0990-4D0B-9E4E-0EC5614F2CB6}.Release|iPhoneSimulator.Deploy.0 = Release|Any CPU
		{55C718EC-E55F-4020-BF2E-4CD899ADD52A}.Ad-Hoc|Any CPU.ActiveCfg = Release|Any CPU
		{55C718EC-E55F-4020-BF2E-4CD899ADD52A}.Ad-Hoc|Any CPU.Build.0 = Release|Any CPU
		{55C718EC-E55F-4020-BF2E-4CD899ADD52A}.Ad-Hoc|iPhone.ActiveCfg = Release|Any CPU
		{55C718EC-E55F-4020-BF2E-4CD899ADD52A}.Ad-Hoc|iPhone.Build.0 = Release|Any CPU
		{55C718EC-E55F-4020-BF2E-4CD899ADD52A}.Ad-Hoc|iPhoneSimulator.ActiveCfg = Release|Any CPU
		{55C718EC-E55F-4020-BF2E-4CD899ADD52A}.Ad-Hoc|iPhoneSimulator.Build.0 = Release|Any CPU
		{55C718EC-E55F-4020-BF2E-4CD899ADD52A}.AppStore|Any CPU.ActiveCfg = Release|Any CPU
		{55C718EC-E55F-4020-BF2E-4CD899ADD52A}.AppStore|Any CPU.Build.0 = Release|Any CPU
		{55C718EC-E55F-4020-BF2E-4CD899ADD52A}.AppStore|iPhone.ActiveCfg = Release|Any CPU
		{55C718EC-E55F-4020-BF2E-4CD899ADD52A}.AppStore|iPhone.Build.0 = Release|Any CPU
		{55C718EC-E55F-4020-BF2E-4CD899ADD52A}.AppStore|iPhoneSimulator.ActiveCfg = Release|Any CPU
		{55C718EC-E55F-4020-BF2E-4CD899ADD52A}.AppStore|iPhoneSimulator.Build.0 = Release|Any CPU
		{55C718EC-E55F-4020-BF2E-4CD899ADD52A}.Debug|Any CPU.ActiveCfg = Debug|Any CPU
		{55C718EC-E55F-4020-BF2E-4CD899ADD52A}.Debug|Any CPU.Build.0 = Debug|Any CPU
		{55C718EC-E55F-4020-BF2E-4CD899ADD52A}.Debug|iPhone.ActiveCfg = Debug|Any CPU
		{55C718EC-E55F-4020-BF2E-4CD899ADD52A}.Debug|iPhone.Build.0 = Debug|Any CPU
		{55C718EC-E55F-4020-BF2E-4CD899ADD52A}.Debug|iPhoneSimulator.ActiveCfg = Debug|Any CPU
		{55C718EC-E55F-4020-BF2E-4CD899ADD52A}.Debug|iPhoneSimulator.Build.0 = Debug|Any CPU
		{55C718EC-E55F-4020-BF2E-4CD899ADD52A}.Release|Any CPU.ActiveCfg = Release|Any CPU
		{55C718EC-E55F-4020-BF2E-4CD899ADD52A}.Release|Any CPU.Build.0 = Release|Any CPU
		{55C718EC-E55F-4020-BF2E-4CD899ADD52A}.Release|iPhone.ActiveCfg = Release|Any CPU
		{55C718EC-E55F-4020-BF2E-4CD899ADD52A}.Release|iPhone.Build.0 = Release|Any CPU
		{55C718EC-E55F-4020-BF2E-4CD899ADD52A}.Release|iPhoneSimulator.ActiveCfg = Release|Any CPU
		{55C718EC-E55F-4020-BF2E-4CD899ADD52A}.Release|iPhoneSimulator.Build.0 = Release|Any CPU
		{29B4F835-93A7-4A36-BD8D-E0FA31DD5E10}.Ad-Hoc|Any CPU.ActiveCfg = Ad-Hoc|iPhone
		{29B4F835-93A7-4A36-BD8D-E0FA31DD5E10}.Ad-Hoc|iPhone.ActiveCfg = Ad-Hoc|iPhone
		{29B4F835-93A7-4A36-BD8D-E0FA31DD5E10}.Ad-Hoc|iPhone.Build.0 = Ad-Hoc|iPhone
		{29B4F835-93A7-4A36-BD8D-E0FA31DD5E10}.Ad-Hoc|iPhoneSimulator.ActiveCfg = Ad-Hoc|iPhoneSimulator
		{29B4F835-93A7-4A36-BD8D-E0FA31DD5E10}.Ad-Hoc|iPhoneSimulator.Build.0 = Ad-Hoc|iPhoneSimulator
		{29B4F835-93A7-4A36-BD8D-E0FA31DD5E10}.AppStore|Any CPU.ActiveCfg = AppStore|iPhone
		{29B4F835-93A7-4A36-BD8D-E0FA31DD5E10}.AppStore|iPhone.ActiveCfg = AppStore|iPhone
		{29B4F835-93A7-4A36-BD8D-E0FA31DD5E10}.AppStore|iPhone.Build.0 = AppStore|iPhone
		{29B4F835-93A7-4A36-BD8D-E0FA31DD5E10}.AppStore|iPhoneSimulator.ActiveCfg = AppStore|iPhoneSimulator
		{29B4F835-93A7-4A36-BD8D-E0FA31DD5E10}.AppStore|iPhoneSimulator.Build.0 = AppStore|iPhoneSimulator
		{29B4F835-93A7-4A36-BD8D-E0FA31DD5E10}.Debug|Any CPU.ActiveCfg = Debug|iPhone
		{29B4F835-93A7-4A36-BD8D-E0FA31DD5E10}.Debug|iPhone.ActiveCfg = Debug|iPhone
		{29B4F835-93A7-4A36-BD8D-E0FA31DD5E10}.Debug|iPhone.Build.0 = Debug|iPhone
		{29B4F835-93A7-4A36-BD8D-E0FA31DD5E10}.Debug|iPhoneSimulator.ActiveCfg = Debug|iPhoneSimulator
		{29B4F835-93A7-4A36-BD8D-E0FA31DD5E10}.Debug|iPhoneSimulator.Build.0 = Debug|iPhoneSimulator
		{29B4F835-93A7-4A36-BD8D-E0FA31DD5E10}.Release|Any CPU.ActiveCfg = Release|iPhone
		{29B4F835-93A7-4A36-BD8D-E0FA31DD5E10}.Release|iPhone.ActiveCfg = Release|iPhone
		{29B4F835-93A7-4A36-BD8D-E0FA31DD5E10}.Release|iPhone.Build.0 = Release|iPhone
		{29B4F835-93A7-4A36-BD8D-E0FA31DD5E10}.Release|iPhoneSimulator.ActiveCfg = Release|iPhoneSimulator
		{29B4F835-93A7-4A36-BD8D-E0FA31DD5E10}.Release|iPhoneSimulator.Build.0 = Release|iPhoneSimulator
	EndGlobalSection
	GlobalSection(SolutionProperties) = preSolution
		HideSolutionNode = FALSE
	EndGlobalSection
EndGlobal
